
Microsoft Visual Studio Solution File, Format Version 12.00
Project("{FAE04EC0-301F-11D3-BF4B-00C04F79EFBC}") = "Midgard", "Midgard\Midgard.csproj", "{4B9616FD-15C9-49A9-9FAA-A64797688EB3}"
EndProject
Global
	GlobalSection(SolutionConfigurationPlatforms) = preSolution
		Debug|Any CPU = Debug|Any CPU
		Release|Any CPU = Release|Any CPU
	EndGlobalSection
	GlobalSection(ProjectConfigurationPlatforms) = postSolution
		{4B9616FD-15C9-49A9-9FAA-A64797688EB3}.Debug|Any CPU.ActiveCfg = Debug|Any CPU
		{4B9616FD-15C9-49A9-9FAA-A64797688EB3}.Debug|Any CPU.Build.0 = Debug|Any CPU
		{4B9616FD-15C9-49A9-9FAA-A64797688EB3}.Release|Any CPU.ActiveCfg = Release|Any CPU
		{4B9616FD-15C9-49A9-9FAA-A64797688EB3}.Release|Any CPU.Build.0 = Release|Any CPU
	EndGlobalSection
EndGlobal
